
Microsoft Visual Studio Solution File, Format Version 12.00
# Visual Studio Version 17
VisualStudioVersion = 17.1.32328.378
MinimumVisualStudioVersion = 10.0.40219.1
Project("{9A19103F-16F7-4668-BE54-9A1E7A4F7556}") = "MyApp.Server", "Server\MyApp.Server.csproj", "{405F73DF-DF01-46B0-8DE1-0F422154AC1F}"
EndProject
Project("{9A19103F-16F7-4668-BE54-9A1E7A4F7556}") = "MyApp.Client", "Client\MyApp.Client.csproj", "{F1E0E339-D431-4F73-9DA0-E8BF9DB32A6D}"
EndProject
Project("{9A19103F-16F7-4668-BE54-9A1E7A4F7556}") = "MyApp.Shared", "Shared\MyApp.Shared.csproj", "{5C34012C-03F2-4654-A320-247A38ADAE06}"
EndProject
Global
	GlobalSection(SolutionConfigurationPlatforms) = preSolution
		Debug|Any CPU = Debug|Any CPU
		Release|Any CPU = Release|Any CPU
	EndGlobalSection
	GlobalSection(ProjectConfigurationPlatforms) = postSolution
		{405F73DF-DF01-46B0-8DE1-0F422154AC1F}.Debug|Any CPU.ActiveCfg = Debug|Any CPU
		{405F73DF-DF01-46B0-8DE1-0F422154AC1F}.Debug|Any CPU.Build.0 = Debug|Any CPU
		{405F73DF-DF01-46B0-8DE1-0F422154AC1F}.Release|Any CPU.ActiveCfg = Release|Any CPU
		{405F73DF-DF01-46B0-8DE1-0F422154AC1F}.Release|Any CPU.Build.0 = Release|Any CPU
		{F1E0E339-D431-4F73-9DA0-E8BF9DB32A6D}.Debug|Any CPU.ActiveCfg = Debug|Any CPU
		{F1E0E339-D431-4F73-9DA0-E8BF9DB32A6D}.Debug|Any CPU.Build.0 = Debug|Any CPU
		{F1E0E339-D431-4F73-9DA0-E8BF9DB32A6D}.Release|Any CPU.ActiveCfg = Release|Any CPU
		{F1E0E339-D431-4F73-9DA0-E8BF9DB32A6D}.Release|Any CPU.Build.0 = Release|Any CPU
		{5C34012C-03F2-4654-A320-247A38ADAE06}.Debug|Any CPU.ActiveCfg = Debug|Any CPU
		{5C34012C-03F2-4654-A320-247A38ADAE06}.Debug|Any CPU.Build.0 = Debug|Any CPU
		{5C34012C-03F2-4654-A320-247A38ADAE06}.Release|Any CPU.ActiveCfg = Release|Any CPU
		{5C34012C-03F2-4654-A320-247A38ADAE06}.Release|Any CPU.Build.0 = Release|Any CPU
	EndGlobalSection
	GlobalSection(SolutionProperties) = preSolution
		HideSolutionNode = FALSE
	EndGlobalSection
	GlobalSection(ExtensibilityGlobals) = postSolution
		SolutionGuid = {5C3FDCE9-8CCF-4080-9C6B-B9AD651B0D77}
	EndGlobalSection
EndGlobal
